
Microsoft Visual Studio Solution File, Format Version 12.00
# Visual Studio Version 16
VisualStudioVersion = 16.6.30114.105
MinimumVisualStudioVersion = 10.0.40219.1
Project("{2150E333-8FDC-42A3-9474-1A3956D46DE8}") = "src", "src", "{5A855FD9-93F7-4B65-B4A8-ACC294A3F1FC}"
EndProject
Project("{FAE04EC0-301F-11D3-BF4B-00C04F79EFBC}") = "Lemon.Abp.Template.Domain.Shared", "src\Lemon.Abp.Template.Domain.Shared\Lemon.Abp.Template.Domain.Shared.csproj", "{8EEA53BC-44AD-409B-8350-AEEC305E84B7}"
EndProject
Project("{FAE04EC0-301F-11D3-BF4B-00C04F79EFBC}") = "Lemon.Abp.Template.Domain", "src\Lemon.Abp.Template.Domain\Lemon.Abp.Template.Domain.csproj", "{9AC96733-E957-47C7-BBA0-9751C855B61E}"
EndProject
Project("{FAE04EC0-301F-11D3-BF4B-00C04F79EFBC}") = "Lemon.Abp.Template.DbMigrations", "src\Lemon.Abp.Template.DbMigrations\Lemon.Abp.Template.DbMigrations.csproj", "{A3CB42FA-B15E-41A9-B471-02378A2445FF}"
EndProject
Project("{FAE04EC0-301F-11D3-BF4B-00C04F79EFBC}") = "Lemon.Abp.Template.EntityFrameworkCore", "src\Lemon.Abp.Template.EntityFrameworkCore\Lemon.Abp.Template.EntityFrameworkCore.csproj", "{0E5966BE-05DE-49C6-BB56-EAB51BE8CD0B}"
EndProject
Project("{FAE04EC0-301F-11D3-BF4B-00C04F79EFBC}") = "Lemon.Abp.Template.EntityFrameworkCore.DbMigrations", "src\Lemon.Abp.Template.EntityFrameworkCore.DbMigrations\Lemon.Abp.Template.EntityFrameworkCore.DbMigrations.csproj", "{BF92DA5A-0B46-43F9-9189-D5B6315DF394}"
EndProject
Project("{FAE04EC0-301F-11D3-BF4B-00C04F79EFBC}") = "Lemon.Abp.Template.Application.Contracts", "src\Lemon.Abp.Template.Application.Contracts\Lemon.Abp.Template.Application.Contracts.csproj", "{DF49CD22-4D20-412B-9338-13D405670CDD}"
EndProject
Project("{FAE04EC0-301F-11D3-BF4B-00C04F79EFBC}") = "Lemon.Abp.Template.Application", "src\Lemon.Abp.Template.Application\Lemon.Abp.Template.Application.csproj", "{2C9CADDC-A313-43FD-9F7B-4E716D92073A}"
EndProject
Project("{FAE04EC0-301F-11D3-BF4B-00C04F79EFBC}") = "Lemon.Abp.Template.HttpApi", "src\Lemon.Abp.Template.HttpApi\Lemon.Abp.Template.HttpApi.csproj", "{AE45EDB8-BD6A-4003-BBC2-FB27B3351126}"
EndProject
Project("{FAE04EC0-301F-11D3-BF4B-00C04F79EFBC}") = "Lemon.Abp.Template.HttpApi.Client", "src\Lemon.Abp.Template.HttpApi.Client\Lemon.Abp.Template.HttpApi.Client.csproj", "{7EE93FDE-53FF-4425-AA09-64B8169A3A10}"
EndProject
Project("{FAE04EC0-301F-11D3-BF4B-00C04F79EFBC}") = "Lemon.Abp.Template.Host", "src\Lemon.Abp.Template.Host\Lemon.Abp.Template.Host.csproj", "{D28A2D65-254F-4420-847A-446C8E8FE8BC}"
EndProject
Global
	GlobalSection(SolutionConfigurationPlatforms) = preSolution
		Debug|Any CPU = Debug|Any CPU
		Debug|x64 = Debug|x64
		Debug|x86 = Debug|x86
		Release|Any CPU = Release|Any CPU
		Release|x64 = Release|x64
		Release|x86 = Release|x86
	EndGlobalSection
	GlobalSection(SolutionProperties) = preSolution
		HideSolutionNode = FALSE
	EndGlobalSection
	GlobalSection(ProjectConfigurationPlatforms) = postSolution
		{8EEA53BC-44AD-409B-8350-AEEC305E84B7}.Debug|Any CPU.ActiveCfg = Debug|Any CPU
		{8EEA53BC-44AD-409B-8350-AEEC305E84B7}.Debug|Any CPU.Build.0 = Debug|Any CPU
		{8EEA53BC-44AD-409B-8350-AEEC305E84B7}.Debug|x64.ActiveCfg = Debug|Any CPU
		{8EEA53BC-44AD-409B-8350-AEEC305E84B7}.Debug|x64.Build.0 = Debug|Any CPU
		{8EEA53BC-44AD-409B-8350-AEEC305E84B7}.Debug|x86.ActiveCfg = Debug|Any CPU
		{8EEA53BC-44AD-409B-8350-AEEC305E84B7}.Debug|x86.Build.0 = Debug|Any CPU
		{8EEA53BC-44AD-409B-8350-AEEC305E84B7}.Release|Any CPU.ActiveCfg = Release|Any CPU
		{8EEA53BC-44AD-409B-8350-AEEC305E84B7}.Release|Any CPU.Build.0 = Release|Any CPU
		{8EEA53BC-44AD-409B-8350-AEEC305E84B7}.Release|x64.ActiveCfg = Release|Any CPU
		{8EEA53BC-44AD-409B-8350-AEEC305E84B7}.Release|x64.Build.0 = Release|Any CPU
		{8EEA53BC-44AD-409B-8350-AEEC305E84B7}.Release|x86.ActiveCfg = Release|Any CPU
		{8EEA53BC-44AD-409B-8350-AEEC305E84B7}.Release|x86.Build.0 = Release|Any CPU
		{9AC96733-E957-47C7-BBA0-9751C855B61E}.Debug|Any CPU.ActiveCfg = Debug|Any CPU
		{9AC96733-E957-47C7-BBA0-9751C855B61E}.Debug|Any CPU.Build.0 = Debug|Any CPU
		{9AC96733-E957-47C7-BBA0-9751C855B61E}.Debug|x64.ActiveCfg = Debug|Any CPU
		{9AC96733-E957-47C7-BBA0-9751C855B61E}.Debug|x64.Build.0 = Debug|Any CPU
		{9AC96733-E957-47C7-BBA0-9751C855B61E}.Debug|x86.ActiveCfg = Debug|Any CPU
		{9AC96733-E957-47C7-BBA0-9751C855B61E}.Debug|x86.Build.0 = Debug|Any CPU
		{9AC96733-E957-47C7-BBA0-9751C855B61E}.Release|Any CPU.ActiveCfg = Release|Any CPU
		{9AC96733-E957-47C7-BBA0-9751C855B61E}.Release|Any CPU.Build.0 = Release|Any CPU
		{9AC96733-E957-47C7-BBA0-9751C855B61E}.Release|x64.ActiveCfg = Release|Any CPU
		{9AC96733-E957-47C7-BBA0-9751C855B61E}.Release|x64.Build.0 = Release|Any CPU
		{9AC96733-E957-47C7-BBA0-9751C855B61E}.Release|x86.ActiveCfg = Release|Any CPU
		{9AC96733-E957-47C7-BBA0-9751C855B61E}.Release|x86.Build.0 = Release|Any CPU
		{A3CB42FA-B15E-41A9-B471-02378A2445FF}.Debug|Any CPU.ActiveCfg = Debug|Any CPU
		{A3CB42FA-B15E-41A9-B471-02378A2445FF}.Debug|Any CPU.Build.0 = Debug|Any CPU
		{A3CB42FA-B15E-41A9-B471-02378A2445FF}.Debug|x64.ActiveCfg = Debug|Any CPU
		{A3CB42FA-B15E-41A9-B471-02378A2445FF}.Debug|x64.Build.0 = Debug|Any CPU
		{A3CB42FA-B15E-41A9-B471-02378A2445FF}.Debug|x86.ActiveCfg = Debug|Any CPU
		{A3CB42FA-B15E-41A9-B471-02378A2445FF}.Debug|x86.Build.0 = Debug|Any CPU
		{A3CB42FA-B15E-41A9-B471-02378A2445FF}.Release|Any CPU.ActiveCfg = Release|Any CPU
		{A3CB42FA-B15E-41A9-B471-02378A2445FF}.Release|Any CPU.Build.0 = Release|Any CPU
		{A3CB42FA-B15E-41A9-B471-02378A2445FF}.Release|x64.ActiveCfg = Release|Any CPU
		{A3CB42FA-B15E-41A9-B471-02378A2445FF}.Release|x64.Build.0 = Release|Any CPU
		{A3CB42FA-B15E-41A9-B471-02378A2445FF}.Release|x86.ActiveCfg = Release|Any CPU
		{A3CB42FA-B15E-41A9-B471-02378A2445FF}.Release|x86.Build.0 = Release|Any CPU
		{0E5966BE-05DE-49C6-BB56-EAB51BE8CD0B}.Debug|Any CPU.ActiveCfg = Debug|Any CPU
		{0E5966BE-05DE-49C6-BB56-EAB51BE8CD0B}.Debug|Any CPU.Build.0 = Debug|Any CPU
		{0E5966BE-05DE-49C6-BB56-EAB51BE8CD0B}.Debug|x64.ActiveCfg = Debug|Any CPU
		{0E5966BE-05DE-49C6-BB56-EAB51BE8CD0B}.Debug|x64.Build.0 = Debug|Any CPU
		{0E5966BE-05DE-49C6-BB56-EAB51BE8CD0B}.Debug|x86.ActiveCfg = Debug|Any CPU
		{0E5966BE-05DE-49C6-BB56-EAB51BE8CD0B}.Debug|x86.Build.0 = Debug|Any CPU
		{0E5966BE-05DE-49C6-BB56-EAB51BE8CD0B}.Release|Any CPU.ActiveCfg = Release|Any CPU
		{0E5966BE-05DE-49C6-BB56-EAB51BE8CD0B}.Release|Any CPU.Build.0 = Release|Any CPU
		{0E5966BE-05DE-49C6-BB56-EAB51BE8CD0B}.Release|x64.ActiveCfg = Release|Any CPU
		{0E5966BE-05DE-49C6-BB56-EAB51BE8CD0B}.Release|x64.Build.0 = Release|Any CPU
		{0E5966BE-05DE-49C6-BB56-EAB51BE8CD0B}.Release|x86.ActiveCfg = Release|Any CPU
		{0E5966BE-05DE-49C6-BB56-EAB51BE8CD0B}.Release|x86.Build.0 = Release|Any CPU
		{BF92DA5A-0B46-43F9-9189-D5B6315DF394}.Debug|Any CPU.ActiveCfg = Debug|Any CPU
		{BF92DA5A-0B46-43F9-9189-D5B6315DF394}.Debug|Any CPU.Build.0 = Debug|Any CPU
		{BF92DA5A-0B46-43F9-9189-D5B6315DF394}.Debug|x64.ActiveCfg = Debug|Any CPU
		{BF92DA5A-0B46-43F9-9189-D5B6315DF394}.Debug|x64.Build.0 = Debug|Any CPU
		{BF92DA5A-0B46-43F9-9189-D5B6315DF394}.Debug|x86.ActiveCfg = Debug|Any CPU
		{BF92DA5A-0B46-43F9-9189-D5B6315DF394}.Debug|x86.Build.0 = Debug|Any CPU
		{BF92DA5A-0B46-43F9-9189-D5B6315DF394}.Release|Any CPU.ActiveCfg = Release|Any CPU
		{BF92DA5A-0B46-43F9-9189-D5B6315DF394}.Release|Any CPU.Build.0 = Release|Any CPU
		{BF92DA5A-0B46-43F9-9189-D5B6315DF394}.Release|x64.ActiveCfg = Release|Any CPU
		{BF92DA5A-0B46-43F9-9189-D5B6315DF394}.Release|x64.Build.0 = Release|Any CPU
		{BF92DA5A-0B46-43F9-9189-D5B6315DF394}.Release|x86.ActiveCfg = Release|Any CPU
		{BF92DA5A-0B46-43F9-9189-D5B6315DF394}.Release|x86.Build.0 = Release|Any CPU
		{DF49CD22-4D20-412B-9338-13D405670CDD}.Debug|Any CPU.ActiveCfg = Debug|Any CPU
		{DF49CD22-4D20-412B-9338-13D405670CDD}.Debug|Any CPU.Build.0 = Debug|Any CPU
		{DF49CD22-4D20-412B-9338-13D405670CDD}.Debug|x64.ActiveCfg = Debug|Any CPU
		{DF49CD22-4D20-412B-9338-13D405670CDD}.Debug|x64.Build.0 = Debug|Any CPU
		{DF49CD22-4D20-412B-9338-13D405670CDD}.Debug|x86.ActiveCfg = Debug|Any CPU
		{DF49CD22-4D20-412B-9338-13D405670CDD}.Debug|x86.Build.0 = Debug|Any CPU
		{DF49CD22-4D20-412B-9338-13D405670CDD}.Release|Any CPU.ActiveCfg = Release|Any CPU
		{DF49CD22-4D20-412B-9338-13D405670CDD}.Release|Any CPU.Build.0 = Release|Any CPU
		{DF49CD22-4D20-412B-9338-13D405670CDD}.Release|x64.ActiveCfg = Release|Any CPU
		{DF49CD22-4D20-412B-9338-13D405670CDD}.Release|x64.Build.0 = Release|Any CPU
		{DF49CD22-4D20-412B-9338-13D405670CDD}.Release|x86.ActiveCfg = Release|Any CPU
		{DF49CD22-4D20-412B-9338-13D405670CDD}.Release|x86.Build.0 = Release|Any CPU
		{2C9CADDC-A313-43FD-9F7B-4E716D92073A}.Debug|Any CPU.ActiveCfg = Debug|Any CPU
		{2C9CADDC-A313-43FD-9F7B-4E716D92073A}.Debug|Any CPU.Build.0 = Debug|Any CPU
		{2C9CADDC-A313-43FD-9F7B-4E716D92073A}.Debug|x64.ActiveCfg = Debug|Any CPU
		{2C9CADDC-A313-43FD-9F7B-4E716D92073A}.Debug|x64.Build.0 = Debug|Any CPU
		{2C9CADDC-A313-43FD-9F7B-4E716D92073A}.Debug|x86.ActiveCfg = Debug|Any CPU
		{2C9CADDC-A313-43FD-9F7B-4E716D92073A}.Debug|x86.Build.0 = Debug|Any CPU
		{2C9CADDC-A313-43FD-9F7B-4E716D92073A}.Release|Any CPU.ActiveCfg = Release|Any CPU
		{2C9CADDC-A313-43FD-9F7B-4E716D92073A}.Release|Any CPU.Build.0 = Release|Any CPU
		{2C9CADDC-A313-43FD-9F7B-4E716D92073A}.Release|x64.ActiveCfg = Release|Any CPU
		{2C9CADDC-A313-43FD-9F7B-4E716D92073A}.Release|x64.Build.0 = Release|Any CPU
		{2C9CADDC-A313-43FD-9F7B-4E716D92073A}.Release|x86.ActiveCfg = Release|Any CPU
		{2C9CADDC-A313-43FD-9F7B-4E716D92073A}.Release|x86.Build.0 = Release|Any CPU
		{AE45EDB8-BD6A-4003-BBC2-FB27B3351126}.Debug|Any CPU.ActiveCfg = Debug|Any CPU
		{AE45EDB8-BD6A-4003-BBC2-FB27B3351126}.Debug|Any CPU.Build.0 = Debug|Any CPU
		{AE45EDB8-BD6A-4003-BBC2-FB27B3351126}.Debug|x64.ActiveCfg = Debug|Any CPU
		{AE45EDB8-BD6A-4003-BBC2-FB27B3351126}.Debug|x64.Build.0 = Debug|Any CPU
		{AE45EDB8-BD6A-4003-BBC2-FB27B3351126}.Debug|x86.ActiveCfg = Debug|Any CPU
		{AE45EDB8-BD6A-4003-BBC2-FB27B3351126}.Debug|x86.Build.0 = Debug|Any CPU
		{AE45EDB8-BD6A-4003-BBC2-FB27B3351126}.Release|Any CPU.ActiveCfg = Release|Any CPU
		{AE45EDB8-BD6A-4003-BBC2-FB27B3351126}.Release|Any CPU.Build.0 = Release|Any CPU
		{AE45EDB8-BD6A-4003-BBC2-FB27B3351126}.Release|x64.ActiveCfg = Release|Any CPU
		{AE45EDB8-BD6A-4003-BBC2-FB27B3351126}.Release|x64.Build.0 = Release|Any CPU
		{AE45EDB8-BD6A-4003-BBC2-FB27B3351126}.Release|x86.ActiveCfg = Release|Any CPU
		{AE45EDB8-BD6A-4003-BBC2-FB27B3351126}.Release|x86.Build.0 = Release|Any CPU
		{7EE93FDE-53FF-4425-AA09-64B8169A3A10}.Debug|Any CPU.ActiveCfg = Debug|Any CPU
		{7EE93FDE-53FF-4425-AA09-64B8169A3A10}.Debug|Any CPU.Build.0 = Debug|Any CPU
		{7EE93FDE-53FF-4425-AA09-64B8169A3A10}.Debug|x64.ActiveCfg = Debug|Any CPU
		{7EE93FDE-53FF-4425-AA09-64B8169A3A10}.Debug|x64.Build.0 = Debug|Any CPU
		{7EE93FDE-53FF-4425-AA09-64B8169A3A10}.Debug|x86.ActiveCfg = Debug|Any CPU
		{7EE93FDE-53FF-4425-AA09-64B8169A3A10}.Debug|x86.Build.0 = Debug|Any CPU
		{7EE93FDE-53FF-4425-AA09-64B8169A3A10}.Release|Any CPU.ActiveCfg = Release|Any CPU
		{7EE93FDE-53FF-4425-AA09-64B8169A3A10}.Release|Any CPU.Build.0 = Release|Any CPU
		{7EE93FDE-53FF-4425-AA09-64B8169A3A10}.Release|x64.ActiveCfg = Release|Any CPU
		{7EE93FDE-53FF-4425-AA09-64B8169A3A10}.Release|x64.Build.0 = Release|Any CPU
		{7EE93FDE-53FF-4425-AA09-64B8169A3A10}.Release|x86.ActiveCfg = Release|Any CPU
		{7EE93FDE-53FF-4425-AA09-64B8169A3A10}.Release|x86.Build.0 = Release|Any CPU
		{D28A2D65-254F-4420-847A-446C8E8FE8BC}.Debug|Any CPU.ActiveCfg = Debug|Any CPU
		{D28A2D65-254F-4420-847A-446C8E8FE8BC}.Debug|Any CPU.Build.0 = Debug|Any CPU
		{D28A2D65-254F-4420-847A-446C8E8FE8BC}.Debug|x64.ActiveCfg = Debug|Any CPU
		{D28A2D65-254F-4420-847A-446C8E8FE8BC}.Debug|x64.Build.0 = Debug|Any CPU
		{D28A2D65-254F-4420-847A-446C8E8FE8BC}.Debug|x86.ActiveCfg = Debug|Any CPU
		{D28A2D65-254F-4420-847A-446C8E8FE8BC}.Debug|x86.Build.0 = Debug|Any CPU
		{D28A2D65-254F-4420-847A-446C8E8FE8BC}.Release|Any CPU.ActiveCfg = Release|Any CPU
		{D28A2D65-254F-4420-847A-446C8E8FE8BC}.Release|Any CPU.Build.0 = Release|Any CPU
		{D28A2D65-254F-4420-847A-446C8E8FE8BC}.Release|x64.ActiveCfg = Release|Any CPU
		{D28A2D65-254F-4420-847A-446C8E8FE8BC}.Release|x64.Build.0 = Release|Any CPU
		{D28A2D65-254F-4420-847A-446C8E8FE8BC}.Release|x86.ActiveCfg = Release|Any CPU
		{D28A2D65-254F-4420-847A-446C8E8FE8BC}.Release|x86.Build.0 = Release|Any CPU
	EndGlobalSection
	GlobalSection(NestedProjects) = preSolution
		{8EEA53BC-44AD-409B-8350-AEEC305E84B7} = {5A855FD9-93F7-4B65-B4A8-ACC294A3F1FC}
		{9AC96733-E957-47C7-BBA0-9751C855B61E} = {5A855FD9-93F7-4B65-B4A8-ACC294A3F1FC}
		{A3CB42FA-B15E-41A9-B471-02378A2445FF} = {5A855FD9-93F7-4B65-B4A8-ACC294A3F1FC}
		{0E5966BE-05DE-49C6-BB56-EAB51BE8CD0B} = {5A855FD9-93F7-4B65-B4A8-ACC294A3F1FC}
		{BF92DA5A-0B46-43F9-9189-D5B6315DF394} = {5A855FD9-93F7-4B65-B4A8-ACC294A3F1FC}
		{DF49CD22-4D20-412B-9338-13D405670CDD} = {5A855FD9-93F7-4B65-B4A8-ACC294A3F1FC}
		{2C9CADDC-A313-43FD-9F7B-4E716D92073A} = {5A855FD9-93F7-4B65-B4A8-ACC294A3F1FC}
		{AE45EDB8-BD6A-4003-BBC2-FB27B3351126} = {5A855FD9-93F7-4B65-B4A8-ACC294A3F1FC}
		{7EE93FDE-53FF-4425-AA09-64B8169A3A10} = {5A855FD9-93F7-4B65-B4A8-ACC294A3F1FC}
		{D28A2D65-254F-4420-847A-446C8E8FE8BC} = {5A855FD9-93F7-4B65-B4A8-ACC294A3F1FC}
	EndGlobalSection
EndGlobal
